// !$*UTF8*$!
{
	archiveVersion = 1;
	classes = {
	};
	objectVersion = 48;
	objects = {

/* Begin PBXBuildFile section */
		16FAE5021FF58C7300685642 /* AppDelegate.swift in Sources */ = {isa = PBXBuildFile; fileRef = 16FAE5011FF58C7300685642 /* AppDelegate.swift */; };
		16FAE5041FF58C7300685642 /* ViewController.swift in Sources */ = {isa = PBXBuildFile; fileRef = 16FAE5031FF58C7300685642 /* ViewController.swift */; };
		16FAE5071FF58C7400685642 /* Main.storyboard in Resources */ = {isa = PBXBuildFile; fileRef = 16FAE5051FF58C7400685642 /* Main.storyboard */; };
		16FAE5091FF58C7400685642 /* Assets.xcassets in Resources */ = {isa = PBXBuildFile; fileRef = 16FAE5081FF58C7400685642 /* Assets.xcassets */; };
		16FAE50C1FF58C7400685642 /* LaunchScreen.storyboard in Resources */ = {isa = PBXBuildFile; fileRef = 16FAE50A1FF58C7400685642 /* LaunchScreen.storyboard */; };
		16FAE5141FF58F5B00685642 /* GoogleService-Info.plist in Resources */ = {isa = PBXBuildFile; fileRef = 16FAE5131FF58F5B00685642 /* GoogleService-Info.plist */; };
		16FAE51A1FF5977700685642 /* Default-568h@2x.png in Resources */ = {isa = PBXBuildFile; fileRef = 16FAE5191FF5977600685642 /* Default-568h@2x.png */; };
		16FAE51C1FF5979B00685642 /* Entry.swift in Sources */ = {isa = PBXBuildFile; fileRef = 16FAE51B1FF5979B00685642 /* Entry.swift */; };
		4AE96B4F8222C8DDF99D6E57 /* Pods_mount.framework in Frameworks */ = {isa = PBXBuildFile; fileRef = 0F2338BDBA53A0DAD25EEEAD /* Pods_mount.framework */; };
/* End PBXBuildFile section */

/* Begin PBXFileReference section */
		0F2338BDBA53A0DAD25EEEAD /* Pods_mount.framework */ = {isa = PBXFileReference; explicitFileType = wrapper.framework; includeInIndex = 0; path = Pods_mount.framework; sourceTree = BUILT_PRODUCTS_DIR; };
		16FAE4FE1FF58C7300685642 /* mount.app */ = {isa = PBXFileReference; explicitFileType = wrapper.application; includeInIndex = 0; path = mount.app; sourceTree = BUILT_PRODUCTS_DIR; };
		16FAE5011FF58C7300685642 /* AppDelegate.swift */ = {isa = PBXFileReference; lastKnownFileType = sourcecode.swift; path = AppDelegate.swift; sourceTree = "<group>"; };
		16FAE5031FF58C7300685642 /* ViewController.swift */ = {isa = PBXFileReference; lastKnownFileType = sourcecode.swift; path = ViewController.swift; sourceTree = "<group>"; };
		16FAE5061FF58C7400685642 /* Base */ = {isa = PBXFileReference; lastKnownFileType = file.storyboard; name = Base; path = Base.lproj/Main.storyboard; sourceTree = "<group>"; };
		16FAE5081FF58C7400685642 /* Assets.xcassets */ = {isa = PBXFileReference; lastKnownFileType = folder.assetcatalog; path = Assets.xcassets; sourceTree = "<group>"; };
		16FAE50B1FF58C7400685642 /* Base */ = {isa = PBXFileReference; lastKnownFileType = file.storyboard; name = Base; path = Base.lproj/LaunchScreen.storyboard; sourceTree = "<group>"; };
		16FAE50D1FF58C7400685642 /* Info.plist */ = {isa = PBXFileReference; lastKnownFileType = text.plist.xml; path = Info.plist; sourceTree = "<group>"; };
		16FAE5131FF58F5B00685642 /* GoogleService-Info.plist */ = {isa = PBXFileReference; fileEncoding = 4; lastKnownFileType = text.plist.xml; path = "GoogleService-Info.plist"; sourceTree = "<group>"; };
		16FAE5191FF5977600685642 /* Default-568h@2x.png */ = {isa = PBXFileReference; lastKnownFileType = image.png; path = "Default-568h@2x.png"; sourceTree = "<group>"; };
		16FAE51B1FF5979B00685642 /* Entry.swift */ = {isa = PBXFileReference; lastKnownFileType = sourcecode.swift; path = Entry.swift; sourceTree = "<group>"; };
		5F8C630B748CA7F35D10EA30 /* Pods-mount.debug.xcconfig */ = {isa = PBXFileReference; includeInIndex = 1; lastKnownFileType = text.xcconfig; name = "Pods-mount.debug.xcconfig"; path = "Pods/Target Support Files/Pods-mount/Pods-mount.debug.xcconfig"; sourceTree = "<group>"; };
		9BF018F340AC0C73E196B212 /* Pods-mount.release.xcconfig */ = {isa = PBXFileReference; includeInIndex = 1; lastKnownFileType = text.xcconfig; name = "Pods-mount.release.xcconfig"; path = "Pods/Target Support Files/Pods-mount/Pods-mount.release.xcconfig"; sourceTree = "<group>"; };
/* End PBXFileReference section */

/* Begin PBXFrameworksBuildPhase section */
		16FAE4FB1FF58C7300685642 /* Frameworks */ = {
			isa = PBXFrameworksBuildPhase;
			buildActionMask = 2147483647;
			files = (
				4AE96B4F8222C8DDF99D6E57 /* Pods_mount.framework in Frameworks */,
			);
			runOnlyForDeploymentPostprocessing = 0;
		};
/* End PBXFrameworksBuildPhase section */

/* Begin PBXGroup section */
		062A2D02A6EDB2344B848331 /* Pods */ = {
			isa = PBXGroup;
			children = (
				5F8C630B748CA7F35D10EA30 /* Pods-mount.debug.xcconfig */,
				9BF018F340AC0C73E196B212 /* Pods-mount.release.xcconfig */,
			);
			name = Pods;
			sourceTree = "<group>";
		};
		16FAE4F51FF58C7300685642 = {
			isa = PBXGroup;
			children = (
				16FAE5001FF58C7300685642 /* mount */,
				16FAE4FF1FF58C7300685642 /* Products */,
				062A2D02A6EDB2344B848331 /* Pods */,
				4E0170D74954FC30AE3E4560 /* Frameworks */,
			);
			sourceTree = "<group>";
		};
		16FAE4FF1FF58C7300685642 /* Products */ = {
			isa = PBXGroup;
			children = (
				16FAE4FE1FF58C7300685642 /* mount.app */,
			);
			name = Products;
			sourceTree = "<group>";
		};
		16FAE5001FF58C7300685642 /* mount */ = {
			isa = PBXGroup;
			children = (
				16FAE50D1FF58C7400685642 /* Info.plist */,
				16FAE5131FF58F5B00685642 /* GoogleService-Info.plist */,
				16FAE5181FF596CD00685642 /* Controller */,
				16FAE5171FF596CA00685642 /* View */,
				16FAE5161FF596C600685642 /* Model */,
				16FAE5151FF596B500685642 /* Supporting Files */,
				16FAE5081FF58C7400685642 /* Assets.xcassets */,
			);
			path = mount;
			sourceTree = "<group>";
		};
		16FAE5151FF596B500685642 /* Supporting Files */ = {
			isa = PBXGroup;
			children = (
				16FAE5191FF5977600685642 /* Default-568h@2x.png */,
			);
			path = "Supporting Files";
			sourceTree = "<group>";
		};
		16FAE5161FF596C600685642 /* Model */ = {
			isa = PBXGroup;
			children = (
				16FAE51B1FF5979B00685642 /* Entry.swift */,
			);
			path = Model;
			sourceTree = "<group>";
		};
		16FAE5171FF596CA00685642 /* View */ = {
			isa = PBXGroup;
			children = (
				16FAE5051FF58C7400685642 /* Main.storyboard */,
				16FAE50A1FF58C7400685642 /* LaunchScreen.storyboard */,
			);
			path = View;
			sourceTree = "<group>";
		};
		16FAE5181FF596CD00685642 /* Controller */ = {
			isa = PBXGroup;
			children = (
				16FAE5011FF58C7300685642 /* AppDelegate.swift */,
				16FAE5031FF58C7300685642 /* ViewController.swift */,
			);
			path = Controller;
			sourceTree = "<group>";
		};
		4E0170D74954FC30AE3E4560 /* Frameworks */ = {
			isa = PBXGroup;
			children = (
				0F2338BDBA53A0DAD25EEEAD /* Pods_mount.framework */,
			);
			name = Frameworks;
			sourceTree = "<group>";
		};
/* End PBXGroup section */

/* Begin PBXNativeTarget section */
		16FAE4FD1FF58C7300685642 /* mount */ = {
			isa = PBXNativeTarget;
			buildConfigurationList = 16FAE5101FF58C7400685642 /* Build configuration list for PBXNativeTarget "mount" */;
			buildPhases = (
				34022030CF44A3DEA4E33D85 /* [CP] Check Pods Manifest.lock */,
				16FAE4FA1FF58C7300685642 /* Sources */,
				16FAE4FB1FF58C7300685642 /* Frameworks */,
				16FAE4FC1FF58C7300685642 /* Resources */,
				AF5122EC58DA429FF349ECFC /* [CP] Embed Pods Frameworks */,
				5BA0063EEC8BD68AFA4DC965 /* [CP] Copy Pods Resources */,
			);
			buildRules = (
			);
			dependencies = (
			);
			name = mount;
			productName = mount;
			productReference = 16FAE4FE1FF58C7300685642 /* mount.app */;
			productType = "com.apple.product-type.application";
		};
/* End PBXNativeTarget section */

/* Begin PBXProject section */
		16FAE4F61FF58C7300685642 /* Project object */ = {
			isa = PBXProject;
			attributes = {
				LastSwiftUpdateCheck = 0900;
				LastUpgradeCheck = 0900;
				ORGANIZATIONNAME = "Dave's Organization";
				TargetAttributes = {
					16FAE4FD1FF58C7300685642 = {
						CreatedOnToolsVersion = 9.0.1;
						ProvisioningStyle = Automatic;
					};
				};
			};
			buildConfigurationList = 16FAE4F91FF58C7300685642 /* Build configuration list for PBXProject "mount" */;
			compatibilityVersion = "Xcode 8.0";
			developmentRegion = en;
			hasScannedForEncodings = 0;
			knownRegions = (
				en,
				Base,
			);
			mainGroup = 16FAE4F51FF58C7300685642;
			productRefGroup = 16FAE4FF1FF58C7300685642 /* Products */;
			projectDirPath = "";
			projectRoot = "";
			targets = (
				16FAE4FD1FF58C7300685642 /* mount */,
			);
		};
/* End PBXProject section */

/* Begin PBXResourcesBuildPhase section */
		16FAE4FC1FF58C7300685642 /* Resources */ = {
			isa = PBXResourcesBuildPhase;
			buildActionMask = 2147483647;
			files = (
				16FAE50C1FF58C7400685642 /* LaunchScreen.storyboard in Resources */,
				16FAE5141FF58F5B00685642 /* GoogleService-Info.plist in Resources */,
				16FAE5091FF58C7400685642 /* Assets.xcassets in Resources */,
				16FAE51A1FF5977700685642 /* Default-568h@2x.png in Resources */,
				16FAE5071FF58C7400685642 /* Main.storyboard in Resources */,
			);
			runOnlyForDeploymentPostprocessing = 0;
		};
/* End PBXResourcesBuildPhase section */

/* Begin PBXShellScriptBuildPhase section */
		34022030CF44A3DEA4E33D85 /* [CP] Check Pods Manifest.lock */ = {
			isa = PBXShellScriptBuildPhase;
			buildActionMask = 2147483647;
			files = (
			);
			inputPaths = (
			);
			name = "[CP] Check Pods Manifest.lock";
			outputPaths = (
			);
			runOnlyForDeploymentPostprocessing = 0;
			shellPath = /bin/sh;
			shellScript = "diff \"${PODS_PODFILE_DIR_PATH}/Podfile.lock\" \"${PODS_ROOT}/Manifest.lock\" > /dev/null\nif [ $? != 0 ] ; then\n    # print error to STDERR\n    echo \"error: The sandbox is not in sync with the Podfile.lock. Run 'pod install' or update your CocoaPods installation.\" >&2\n    exit 1\nfi\n";
			showEnvVarsInLog = 0;
		};
		5BA0063EEC8BD68AFA4DC965 /* [CP] Copy Pods Resources */ = {
			isa = PBXShellScriptBuildPhase;
			buildActionMask = 2147483647;
			files = (
			);
			inputPaths = (
			);
			name = "[CP] Copy Pods Resources";
			outputPaths = (
			);
			runOnlyForDeploymentPostprocessing = 0;
			shellPath = /bin/sh;
			shellScript = "\"${SRCROOT}/Pods/Target Support Files/Pods-mount/Pods-mount-resources.sh\"\n";
			showEnvVarsInLog = 0;
		};
		AF5122EC58DA429FF349ECFC /* [CP] Embed Pods Frameworks */ = {
			isa = PBXShellScriptBuildPhase;
			buildActionMask = 2147483647;
			files = (
			);
			inputPaths = (
			);
			name = "[CP] Embed Pods Frameworks";
			outputPaths = (
			);
			runOnlyForDeploymentPostprocessing = 0;
			shellPath = /bin/sh;
			shellScript = "\"${SRCROOT}/Pods/Target Support Files/Pods-mount/Pods-mount-frameworks.sh\"\n";
			showEnvVarsInLog = 0;
		};
/* End PBXShellScriptBuildPhase section */

/* Begin PBXSourcesBuildPhase section */
		16FAE4FA1FF58C7300685642 /* Sources */ = {
			isa = PBXSourcesBuildPhase;
			buildActionMask = 2147483647;
			files = (
				16FAE51C1FF5979B00685642 /* Entry.swift in Sources */,
				16FAE5041FF58C7300685642 /* ViewController.swift in Sources */,
				16FAE5021FF58C7300685642 /* AppDelegate.swift in Sources */,
			);
			runOnlyForDeploymentPostprocessing = 0;
		};
/* End PBXSourcesBuildPhase section */

/* Begin PBXVariantGroup section */
		16FAE5051FF58C7400685642 /* Main.storyboard */ = {
			isa = PBXVariantGroup;
			children = (
				16FAE5061FF58C7400685642 /* Base */,
			);
			name = Main.storyboard;
			sourceTree = "<group>";
		};
		16FAE50A1FF58C7400685642 /* LaunchScreen.storyboard */ = {
			isa = PBXVariantGroup;
			children = (
				16FAE50B1FF58C7400685642 /* Base */,
			);
			name = LaunchScreen.storyboard;
			sourceTree = "<group>";
		};
/* End PBXVariantGroup section */

/* Begin XCBuildConfiguration section */
		16FAE50E1FF58C7400685642 /* Debug */ = {
			isa = XCBuildConfiguration;
			buildSettings = {
				ALWAYS_SEARCH_USER_PATHS = NO;
				CLANG_ANALYZER_NONNULL = YES;
				CLANG_ANALYZER_NUMBER_OBJECT_CONVERSION = YES_AGGRESSIVE;
				CLANG_CXX_LANGUAGE_STANDARD = "gnu++14";
				CLANG_CXX_LIBRARY = "libc++";
				CLANG_ENABLE_MODULES = YES;
				CLANG_ENABLE_OBJC_ARC = YES;
				CLANG_WARN_BLOCK_CAPTURE_AUTORELEASING = YES;
				CLANG_WARN_BOOL_CONVERSION = YES;
				CLANG_WARN_COMMA = YES;
				CLANG_WARN_CONSTANT_CONVERSION = YES;
				CLANG_WARN_DIRECT_OBJC_ISA_USAGE = YES_ERROR;
				CLANG_WARN_DOCUMENTATION_COMMENTS = YES;
				CLANG_WARN_EMPTY_BODY = YES;
				CLANG_WARN_ENUM_CONVERSION = YES;
				CLANG_WARN_INFINITE_RECURSION = YES;
				CLANG_WARN_INT_CONVERSION = YES;
				CLANG_WARN_NON_LITERAL_NULL_CONVERSION = YES;
				CLANG_WARN_OBJC_LITERAL_CONVERSION = YES;
				CLANG_WARN_OBJC_ROOT_CLASS = YES_ERROR;
				CLANG_WARN_RANGE_LOOP_ANALYSIS = YES;
				CLANG_WARN_STRICT_PROTOTYPES = YES;
				CLANG_WARN_SUSPICIOUS_MOVE = YES;
				CLANG_WARN_UNGUARDED_AVAILABILITY = YES_AGGRESSIVE;
				CLANG_WARN_UNREACHABLE_CODE = YES;
				CLANG_WARN__DUPLICATE_METHOD_MATCH = YES;
				CODE_SIGN_IDENTITY = "iPhone Developer";
				COPY_PHASE_STRIP = NO;
				DEBUG_INFORMATION_FORMAT = dwarf;
				ENABLE_STRICT_OBJC_MSGSEND = YES;
				ENABLE_TESTABILITY = YES;
				GCC_C_LANGUAGE_STANDARD = gnu11;
				GCC_DYNAMIC_NO_PIC = NO;
				GCC_NO_COMMON_BLOCKS = YES;
				GCC_OPTIMIZATION_LEVEL = 0;
				GCC_PREPROCESSOR_DEFINITIONS = (
					"DEBUG=1",
					"$(inherited)",
				);
				GCC_WARN_64_TO_32_BIT_CONVERSION = YES;
				GCC_WARN_ABOUT_RETURN_TYPE = YES_ERROR;
				GCC_WARN_UNDECLARED_SELECTOR = YES;
				GCC_WARN_UNINITIALIZED_AUTOS = YES_AGGRESSIVE;
				GCC_WARN_UNUSED_FUNCTION = YES;
				GCC_WARN_UNUSED_VARIABLE = YES;
				IPHONEOS_DEPLOYMENT_TARGET = 11.0;
				MTL_ENABLE_DEBUG_INFO = YES;
				ONLY_ACTIVE_ARCH = YES;
				SDKROOT = iphoneos;
				SWIFT_ACTIVE_COMPILATION_CONDITIONS = DEBUG;
				SWIFT_OPTIMIZATION_LEVEL = "-Onone";
			};
			name = Debug;
		};
		16FAE50F1FF58C7400685642 /* Release */ = {
			isa = XCBuildConfiguration;
			buildSettings = {
				ALWAYS_SEARCH_USER_PATHS = NO;
				CLANG_ANALYZER_NONNULL = YES;
				CLANG_ANALYZER_NUMBER_OBJECT_CONVERSION = YES_AGGRESSIVE;
				CLANG_CXX_LANGUAGE_STANDARD = "gnu++14";
				CLANG_CXX_LIBRARY = "libc++";
				CLANG_ENABLE_MODULES = YES;
				CLANG_ENABLE_OBJC_ARC = YES;
				CLANG_WARN_BLOCK_CAPTURE_AUTORELEASING = YES;
				CLANG_WARN_BOOL_CONVERSION = YES;
				CLANG_WARN_COMMA = YES;
				CLANG_WARN_CONSTANT_CONVERSION = YES;
				CLANG_WARN_DIRECT_OBJC_ISA_USAGE = YES_ERROR;
				CLANG_WARN_DOCUMENTATION_COMMENTS = YES;
				CLANG_WARN_EMPTY_BODY = YES;
				CLANG_WARN_ENUM_CONVERSION = YES;
				CLANG_WARN_INFINITE_RECURSION = YES;
				CLANG_WARN_INT_CONVERSION = YES;
				CLANG_WARN_NON_LITERAL_NULL_CONVERSION = YES;
				CLANG_WARN_OBJC_LITERAL_CONVERSION = YES;
				CLANG_WARN_OBJC_ROOT_CLASS = YES_ERROR;
				CLANG_WARN_RANGE_LOOP_ANALYSIS = YES;
				CLANG_WARN_STRICT_PROTOTYPES = YES;
				CLANG_WARN_SUSPICIOUS_MOVE = YES;
				CLANG_WARN_UNGUARDED_AVAILABILITY = YES_AGGRESSIVE;
				CLANG_WARN_UNREACHABLE_CODE = YES;
				CLANG_WARN__DUPLICATE_METHOD_MATCH = YES;
				CODE_SIGN_IDENTITY = "iPhone Developer";
				COPY_PHASE_STRIP = NO;
				DEBUG_INFORMATION_FORMAT = "dwarf-with-dsym";
				ENABLE_NS_ASSERTIONS = NO;
				ENABLE_STRICT_OBJC_MSGSEND = YES;
				GCC_C_LANGUAGE_STANDARD = gnu11;
				GCC_NO_COMMON_BLOCKS = YES;
				GCC_WARN_64_TO_32_BIT_CONVERSION = YES;
				GCC_WARN_ABOUT_RETURN_TYPE = YES_ERROR;
				GCC_WARN_UNDECLARED_SELECTOR = YES;
				GCC_WARN_UNINITIALIZED_AUTOS = YES_AGGRESSIVE;
				GCC_WARN_UNUSED_FUNCTION = YES;
				GCC_WARN_UNUSED_VARIABLE = YES;
				IPHONEOS_DEPLOYMENT_TARGET = 11.0;
				MTL_ENABLE_DEBUG_INFO = NO;
				SDKROOT = iphoneos;
				SWIFT_OPTIMIZATION_LEVEL = "-Owholemodule";
				VALIDATE_PRODUCT = YES;
			};
			name = Release;
		};
		16FAE5111FF58C7400685642 /* Debug */ = {
			isa = XCBuildConfiguration;
			baseConfigurationReference = 5F8C630B748CA7F35D10EA30 /* Pods-mount.debug.xcconfig */;
			buildSettings = {
				ASSETCATALOG_COMPILER_APPICON_NAME = AppIcon;
				CODE_SIGN_STYLE = Automatic;
				DEVELOPMENT_TEAM = 6F6J9E4SZ2;
				INFOPLIST_FILE = mount/Info.plist;
				LD_RUNPATH_SEARCH_PATHS = "$(inherited) @executable_path/Frameworks";
				PRODUCT_BUNDLE_IDENTIFIER = gumbad.mount;
				PRODUCT_NAME = "$(TARGET_NAME)";
				SWIFT_VERSION = 4.0;
				TARGETED_DEVICE_FAMILY = "1,2";
			};
			name = Debug;
		};
		16FAE5121FF58C7400685642 /* Release */ = {
			isa = XCBuildConfiguration;
			baseConfigurationReference = 9BF018F340AC0C73E196B212 /* Pods-mount.release.xcconfig */;
			buildSettings = {
				ASSETCATALOG_COMPILER_APPICON_NAME = AppIcon;
				CODE_SIGN_STYLE = Automatic;
				DEVELOPMENT_TEAM = 6F6J9E4SZ2;
				INFOPLIST_FILE = mount/Info.plist;
				LD_RUNPATH_SEARCH_PATHS = "$(inherited) @executable_path/Frameworks";
				PRODUCT_BUNDLE_IDENTIFIER = gumbad.mount;
				PRODUCT_NAME = "$(TARGET_NAME)";
				SWIFT_VERSION = 4.0;
				TARGETED_DEVICE_FAMILY = "1,2";
			};
			name = Release;
		};
/* End XCBuildConfiguration section */

/* Begin XCConfigurationList section */
		16FAE4F91FF58C7300685642 /* Build configuration list for PBXProject "mount" */ = {
			isa = XCConfigurationList;
			buildConfigurations = (
				16FAE50E1FF58C7400685642 /* Debug */,
				16FAE50F1FF58C7400685642 /* Release */,
			);
			defaultConfigurationIsVisible = 0;
			defaultConfigurationName = Release;
		};
		16FAE5101FF58C7400685642 /* Build configuration list for PBXNativeTarget "mount" */ = {
			isa = XCConfigurationList;
			buildConfigurations = (
				16FAE5111FF58C7400685642 /* Debug */,
				16FAE5121FF58C7400685642 /* Release */,
			);
			defaultConfigurationIsVisible = 0;
			defaultConfigurationName = Release;
		};
/* End XCConfigurationList section */
	};
	rootObject = 16FAE4F61FF58C7300685642 /* Project object */;
}
